
Microsoft Visual Studio Solution File, Format Version 12.00
# Visual Studio 15
VisualStudioVersion = 15.0.26124.0
MinimumVisualStudioVersion = 15.0.26124.0
Project("{9A19103F-16F7-4668-BE54-9A1E7A4F7556}") = "R5T.Knossos.Construction", "R5T.Knossos.Construction\R5T.Knossos.Construction.csproj", "{E724DA25-1710-49B7-9647-687B289E6D24}"
EndProject
Project("{9A19103F-16F7-4668-BE54-9A1E7A4F7556}") = "R5T.Knossos", "R5T.Knossos\R5T.Knossos.csproj", "{55CC9B5C-882E-40E6-899A-25DB4E969D92}"
EndProject
Project("{9A19103F-16F7-4668-BE54-9A1E7A4F7556}") = "R5T.Knossos.Testing", "R5T.Knossos.Testing\R5T.Knossos.Testing.csproj", "{6064EC15-2D78-4002-A2B7-5619F3A3A96A}"
EndProject
Project("{2150E333-8FDC-42A3-9474-1A3956D46DE8}") = "_Dependencies", "_Dependencies", "{4D76A37A-AB97-4850-A415-9527E54D8CE2}"
EndProject
Project("{9A19103F-16F7-4668-BE54-9A1E7A4F7556}") = "R5T.Thermopylae", "..\..\R5T.Thermopylae\source\R5T.Thermopylae\R5T.Thermopylae.csproj", "{33590591-EEA1-43D2-B385-2D7426BA8071}"
EndProject
Project("{9A19103F-16F7-4668-BE54-9A1E7A4F7556}") = "R5T.Stagira", "..\..\R5T.Stagira\source\R5T.Stagira\R5T.Stagira.csproj", "{D3ADEEC0-9A7D-4C41-BE53-DCBAA34E55C6}"
EndProject
Global
	GlobalSection(SolutionConfigurationPlatforms) = preSolution
		Debug|Any CPU = Debug|Any CPU
		Debug|x64 = Debug|x64
		Debug|x86 = Debug|x86
		Release|Any CPU = Release|Any CPU
		Release|x64 = Release|x64
		Release|x86 = Release|x86
	EndGlobalSection
	GlobalSection(ProjectConfigurationPlatforms) = postSolution
		{E724DA25-1710-49B7-9647-687B289E6D24}.Debug|Any CPU.ActiveCfg = Debug|Any CPU
		{E724DA25-1710-49B7-9647-687B289E6D24}.Debug|Any CPU.Build.0 = Debug|Any CPU
		{E724DA25-1710-49B7-9647-687B289E6D24}.Debug|x64.ActiveCfg = Debug|Any CPU
		{E724DA25-1710-49B7-9647-687B289E6D24}.Debug|x64.Build.0 = Debug|Any CPU
		{E724DA25-1710-49B7-9647-687B289E6D24}.Debug|x86.ActiveCfg = Debug|Any CPU
		{E724DA25-1710-49B7-9647-687B289E6D24}.Debug|x86.Build.0 = Debug|Any CPU
		{E724DA25-1710-49B7-9647-687B289E6D24}.Release|Any CPU.ActiveCfg = Release|Any CPU
		{E724DA25-1710-49B7-9647-687B289E6D24}.Release|Any CPU.Build.0 = Release|Any CPU
		{E724DA25-1710-49B7-9647-687B289E6D24}.Release|x64.ActiveCfg = Release|Any CPU
		{E724DA25-1710-49B7-9647-687B289E6D24}.Release|x64.Build.0 = Release|Any CPU
		{E724DA25-1710-49B7-9647-687B289E6D24}.Release|x86.ActiveCfg = Release|Any CPU
		{E724DA25-1710-49B7-9647-687B289E6D24}.Release|x86.Build.0 = Release|Any CPU
		{55CC9B5C-882E-40E6-899A-25DB4E969D92}.Debug|Any CPU.ActiveCfg = Debug|Any CPU
		{55CC9B5C-882E-40E6-899A-25DB4E969D92}.Debug|Any CPU.Build.0 = Debug|Any CPU
		{55CC9B5C-882E-40E6-899A-25DB4E969D92}.Debug|x64.ActiveCfg = Debug|Any CPU
		{55CC9B5C-882E-40E6-899A-25DB4E969D92}.Debug|x64.Build.0 = Debug|Any CPU
		{55CC9B5C-882E-40E6-899A-25DB4E969D92}.Debug|x86.ActiveCfg = Debug|Any CPU
		{55CC9B5C-882E-40E6-899A-25DB4E969D92}.Debug|x86.Build.0 = Debug|Any CPU
		{55CC9B5C-882E-40E6-899A-25DB4E969D92}.Release|Any CPU.ActiveCfg = Release|Any CPU
		{55CC9B5C-882E-40E6-899A-25DB4E969D92}.Release|Any CPU.Build.0 = Release|Any CPU
		{55CC9B5C-882E-40E6-899A-25DB4E969D92}.Release|x64.ActiveCfg = Release|Any CPU
		{55CC9B5C-882E-40E6-899A-25DB4E969D92}.Release|x64.Build.0 = Release|Any CPU
		{55CC9B5C-882E-40E6-899A-25DB4E969D92}.Release|x86.ActiveCfg = Release|Any CPU
		{55CC9B5C-882E-40E6-899A-25DB4E969D92}.Release|x86.Build.0 = Release|Any CPU
		{6064EC15-2D78-4002-A2B7-5619F3A3A96A}.Debug|Any CPU.ActiveCfg = Debug|Any CPU
		{6064EC15-2D78-4002-A2B7-5619F3A3A96A}.Debug|Any CPU.Build.0 = Debug|Any CPU
		{6064EC15-2D78-4002-A2B7-5619F3A3A96A}.Debug|x64.ActiveCfg = Debug|Any CPU
		{6064EC15-2D78-4002-A2B7-5619F3A3A96A}.Debug|x64.Build.0 = Debug|Any CPU
		{6064EC15-2D78-4002-A2B7-5619F3A3A96A}.Debug|x86.ActiveCfg = Debug|Any CPU
		{6064EC15-2D78-4002-A2B7-5619F3A3A96A}.Debug|x86.Build.0 = Debug|Any CPU
		{6064EC15-2D78-4002-A2B7-5619F3A3A96A}.Release|Any CPU.ActiveCfg = Release|Any CPU
		{6064EC15-2D78-4002-A2B7-5619F3A3A96A}.Release|Any CPU.Build.0 = Release|Any CPU
		{6064EC15-2D78-4002-A2B7-5619F3A3A96A}.Release|x64.ActiveCfg = Release|Any CPU
		{6064EC15-2D78-4002-A2B7-5619F3A3A96A}.Release|x64.Build.0 = Release|Any CPU
		{6064EC15-2D78-4002-A2B7-5619F3A3A96A}.Release|x86.ActiveCfg = Release|Any CPU
		{6064EC15-2D78-4002-A2B7-5619F3A3A96A}.Release|x86.Build.0 = Release|Any CPU
		{33590591-EEA1-43D2-B385-2D7426BA8071}.Debug|Any CPU.ActiveCfg = Debug|Any CPU
		{33590591-EEA1-43D2-B385-2D7426BA8071}.Debug|Any CPU.Build.0 = Debug|Any CPU
		{33590591-EEA1-43D2-B385-2D7426BA8071}.Debug|x64.ActiveCfg = Debug|Any CPU
		{33590591-EEA1-43D2-B385-2D7426BA8071}.Debug|x64.Build.0 = Debug|Any CPU
		{33590591-EEA1-43D2-B385-2D7426BA8071}.Debug|x86.ActiveCfg = Debug|Any CPU
		{33590591-EEA1-43D2-B385-2D7426BA8071}.Debug|x86.Build.0 = Debug|Any CPU
		{33590591-EEA1-43D2-B385-2D7426BA8071}.Release|Any CPU.ActiveCfg = Release|Any CPU
		{33590591-EEA1-43D2-B385-2D7426BA8071}.Release|Any CPU.Build.0 = Release|Any CPU
		{33590591-EEA1-43D2-B385-2D7426BA8071}.Release|x64.ActiveCfg = Release|Any CPU
		{33590591-EEA1-43D2-B385-2D7426BA8071}.Release|x64.Build.0 = Release|Any CPU
		{33590591-EEA1-43D2-B385-2D7426BA8071}.Release|x86.ActiveCfg = Release|Any CPU
		{33590591-EEA1-43D2-B385-2D7426BA8071}.Release|x86.Build.0 = Release|Any CPU
		{D3ADEEC0-9A7D-4C41-BE53-DCBAA34E55C6}.Debug|Any CPU.ActiveCfg = Debug|Any CPU
		{D3ADEEC0-9A7D-4C41-BE53-DCBAA34E55C6}.Debug|Any CPU.Build.0 = Debug|Any CPU
		{D3ADEEC0-9A7D-4C41-BE53-DCBAA34E55C6}.Debug|x64.ActiveCfg = Debug|Any CPU
		{D3ADEEC0-9A7D-4C41-BE53-DCBAA34E55C6}.Debug|x64.Build.0 = Debug|Any CPU
		{D3ADEEC0-9A7D-4C41-BE53-DCBAA34E55C6}.Debug|x86.ActiveCfg = Debug|Any CPU
		{D3ADEEC0-9A7D-4C41-BE53-DCBAA34E55C6}.Debug|x86.Build.0 = Debug|Any CPU
		{D3ADEEC0-9A7D-4C41-BE53-DCBAA34E55C6}.Release|Any CPU.ActiveCfg = Release|Any CPU
		{D3ADEEC0-9A7D-4C41-BE53-DCBAA34E55C6}.Release|Any CPU.Build.0 = Release|Any CPU
		{D3ADEEC0-9A7D-4C41-BE53-DCBAA34E55C6}.Release|x64.ActiveCfg = Release|Any CPU
		{D3ADEEC0-9A7D-4C41-BE53-DCBAA34E55C6}.Release|x64.Build.0 = Release|Any CPU
		{D3ADEEC0-9A7D-4C41-BE53-DCBAA34E55C6}.Release|x86.ActiveCfg = Release|Any CPU
		{D3ADEEC0-9A7D-4C41-BE53-DCBAA34E55C6}.Release|x86.Build.0 = Release|Any CPU
	EndGlobalSection
	GlobalSection(SolutionProperties) = preSolution
		HideSolutionNode = FALSE
	EndGlobalSection
	GlobalSection(NestedProjects) = preSolution
		{33590591-EEA1-43D2-B385-2D7426BA8071} = {4D76A37A-AB97-4850-A415-9527E54D8CE2}
		{D3ADEEC0-9A7D-4C41-BE53-DCBAA34E55C6} = {4D76A37A-AB97-4850-A415-9527E54D8CE2}
	EndGlobalSection
	GlobalSection(ExtensibilityGlobals) = postSolution
		SolutionGuid = {AC45C9C8-3402-4CBE-974F-47182F2449E8}
	EndGlobalSection
EndGlobal
